Microsoft Visual Studio Solution File, Format Version 12.00
# Visual Studio Version 17
VisualStudioVersion = 17.5.2.0
MinimumVisualStudioVersion = 10.0.40219.1
Project("{FAE04EC0-301F-11D3-BF4B-00C04F79EFBC}") = "AVANCE DESKTOP_FIGMA", "AVANCE DESKTOP_FIGMA.csproj", "{952C8138-8B35-34AB-5D82-020F4785F535}"
EndProject
Global
	GlobalSection(SolutionConfigurationPlatforms) = preSolution
		Debug|Any CPU = Debug|Any CPU
		Release|Any CPU = Release|Any CPU
	EndGlobalSection
	GlobalSection(ProjectConfigurationPlatforms) = postSolution
		{952C8138-8B35-34AB-5D82-020F4785F535}.Debug|Any CPU.ActiveCfg = Debug|Any CPU
		{952C8138-8B35-34AB-5D82-020F4785F535}.Debug|Any CPU.Build.0 = Debug|Any CPU
		{952C8138-8B35-34AB-5D82-020F4785F535}.Release|Any CPU.ActiveCfg = Release|Any CPU
		{952C8138-8B35-34AB-5D82-020F4785F535}.Release|Any CPU.Build.0 = Release|Any CPU
	EndGlobalSection
	GlobalSection(SolutionProperties) = preSolution
		HideSolutionNode = FALSE
	EndGlobalSection
	GlobalSection(ExtensibilityGlobals) = postSolution
		SolutionGuid = {C14C377B-163E-443F-9A83-8211F2F6FD9F}
	EndGlobalSection
EndGlobal
